// !$*UTF8*$!
{
	archiveVersion = 1;
	classes = {
	};
	objectVersion = 77;
	objects = {

/* Begin PBXBuildFile section */
		8FC05CF72D62E84C00F9AEBA /* Preview Assets.xcassets in Resources */ = {isa = PBXBuildFile; fileRef = 8FC05CF12D62E84C00F9AEBA /* Preview Assets.xcassets */; };
		8FC05CF82D62E84C00F9AEBA /* Assets.xcassets in Resources */ = {isa = PBXBuildFile; fileRef = 8FC05CF32D62E84C00F9AEBA /* Assets.xcassets */; };
		8FC05CF92D62E84C00F9AEBA /* ContentView.swift in Sources */ = {isa = PBXBuildFile; fileRef = 8FC05CF42D62E84C00F9AEBA /* ContentView.swift */; };
		8FC05CFA2D62E84C00F9AEBA /* TabBarAnimationApp.swift in Sources */ = {isa = PBXBuildFile; fileRef = 8FC05CF52D62E84C00F9AEBA /* TabBarAnimationApp.swift */; };
		8FC05D002D62EB8500F9AEBA /* TabBarModel.swift in Sources */ = {isa = PBXBuildFile; fileRef = 8FC05CFF2D62EB8500F9AEBA /* TabBarModel.swift */; };
		8FC05D032D62EBEC00F9AEBA /* CustomTabBar.swift in Sources */ = {isa = PBXBuildFile; fileRef = 8FC05D022D62EBEC00F9AEBA /* CustomTabBar.swift */; };
		8FC05D052D62EE3500F9AEBA /* BezierCurvePath.swift in Sources */ = {isa = PBXBuildFile; fileRef = 8FC05D042D62EE3500F9AEBA /* BezierCurvePath.swift */; };
		8FC05D082D62EE7D00F9AEBA /* UIApplication+Ext.swift in Sources */ = {isa = PBXBuildFile; fileRef = 8FC05D072D62EE7D00F9AEBA /* UIApplication+Ext.swift */; };
		8FC05D0A2D62EE8100F9AEBA /* Types.swift in Sources */ = {isa = PBXBuildFile; fileRef = 8FC05D092D62EE8100F9AEBA /* Types.swift */; };
		8FC05D0D2D62F09D00F9AEBA /* HomeView.swift in Sources */ = {isa = PBXBuildFile; fileRef = 8FC05D0C2D62F09D00F9AEBA /* HomeView.swift */; };
		8FC05D0F2D62F18200F9AEBA /* FavoriteView.swift in Sources */ = {isa = PBXBuildFile; fileRef = 8FC05D0E2D62F18200F9AEBA /* FavoriteView.swift */; };
		8FC05D112D62F18700F9AEBA /* CartView.swift in Sources */ = {isa = PBXBuildFile; fileRef = 8FC05D102D62F18700F9AEBA /* CartView.swift */; };
		8FC05D132D62F18E00F9AEBA /* SearchView.swift in Sources */ = {isa = PBXBuildFile; fileRef = 8FC05D122D62F18E00F9AEBA /* SearchView.swift */; };
		8FC05D152D62F19400F9AEBA /* SettingView.swift in Sources */ = {isa = PBXBuildFile; fileRef = 8FC05D142D62F19400F9AEBA /* SettingView.swift */; };
/* End PBXBuildFile section */

/* Begin PBXFileReference section */
		8FC05CE02D62E84500F9AEBA /* TabBarAnimation.app */ = {isa = PBXFileReference; explicitFileType = wrapper.application; includeInIndex = 0; path = TabBarAnimation.app; sourceTree = BUILT_PRODUCTS_DIR; };
		8FC05CF12D62E84C00F9AEBA /* Preview Assets.xcassets */ = {isa = PBXFileReference; lastKnownFileType = folder.assetcatalog; path = "Preview Assets.xcassets"; sourceTree = "<group>"; };
		8FC05CF32D62E84C00F9AEBA /* Assets.xcassets */ = {isa = PBXFileReference; lastKnownFileType = folder.assetcatalog; path = Assets.xcassets; sourceTree = "<group>"; };
		8FC05CF42D62E84C00F9AEBA /* ContentView.swift */ = {isa = PBXFileReference; lastKnownFileType = sourcecode.swift; path = ContentView.swift; sourceTree = "<group>"; };
		8FC05CF52D62E84C00F9AEBA /* TabBarAnimationApp.swift */ = {isa = PBXFileReference; lastKnownFileType = sourcecode.swift; path = TabBarAnimationApp.swift; sourceTree = "<group>"; };
		8FC05CFF2D62EB8500F9AEBA /* TabBarModel.swift */ = {isa = PBXFileReference; lastKnownFileType = sourcecode.swift; path = TabBarModel.swift; sourceTree = "<group>"; };
		8FC05D022D62EBEC00F9AEBA /* CustomTabBar.swift */ = {isa = PBXFileReference; lastKnownFileType = sourcecode.swift; path = CustomTabBar.swift; sourceTree = "<group>"; };
		8FC05D042D62EE3500F9AEBA /* BezierCurvePath.swift */ = {isa = PBXFileReference; lastKnownFileType = sourcecode.swift; path = BezierCurvePath.swift; sourceTree = "<group>"; };
		8FC05D072D62EE7D00F9AEBA /* UIApplication+Ext.swift */ = {isa = PBXFileReference; lastKnownFileType = sourcecode.swift; path = "UIApplication+Ext.swift"; sourceTree = "<group>"; };
		8FC05D092D62EE8100F9AEBA /* Types.swift */ = {isa = PBXFileReference; lastKnownFileType = sourcecode.swift; path = Types.swift; sourceTree = "<group>"; };
		8FC05D0C2D62F09D00F9AEBA /* HomeView.swift */ = {isa = PBXFileReference; lastKnownFileType = sourcecode.swift; path = HomeView.swift; sourceTree = "<group>"; };
		8FC05D0E2D62F18200F9AEBA /* FavoriteView.swift */ = {isa = PBXFileReference; lastKnownFileType = sourcecode.swift; path = FavoriteView.swift; sourceTree = "<group>"; };
		8FC05D102D62F18700F9AEBA /* CartView.swift */ = {isa = PBXFileReference; lastKnownFileType = sourcecode.swift; path = CartView.swift; sourceTree = "<group>"; };
		8FC05D122D62F18E00F9AEBA /* SearchView.swift */ = {isa = PBXFileReference; lastKnownFileType = sourcecode.swift; path = SearchView.swift; sourceTree = "<group>"; };
		8FC05D142D62F19400F9AEBA /* SettingView.swift */ = {isa = PBXFileReference; lastKnownFileType = sourcecode.swift; path = SettingView.swift; sourceTree = "<group>"; };
/* End PBXFileReference section */

/* Begin PBXFrameworksBuildPhase section */
		8FC05CDD2D62E84500F9AEBA /* Frameworks */ = {
			isa = PBXFrameworksBuildPhase;
			buildActionMask = 2147483647;
			files = (
			);
			runOnlyForDeploymentPostprocessing = 0;
		};
/* End PBXFrameworksBuildPhase section */

/* Begin PBXGroup section */
		8FC05CD72D62E84500F9AEBA = {
			isa = PBXGroup;
			children = (
				8FC05CF62D62E84C00F9AEBA /* TabBarAnimation */,
				8FC05CE12D62E84500F9AEBA /* Products */,
			);
			sourceTree = "<group>";
		};
		8FC05CE12D62E84500F9AEBA /* Products */ = {
			isa = PBXGroup;
			children = (
				8FC05CE02D62E84500F9AEBA /* TabBarAnimation.app */,
			);
			name = Products;
			sourceTree = "<group>";
		};
		8FC05CF22D62E84C00F9AEBA /* Preview Content */ = {
			isa = PBXGroup;
			children = (
				8FC05CF12D62E84C00F9AEBA /* Preview Assets.xcassets */,
			);
			path = "Preview Content";
			sourceTree = "<group>";
		};
		8FC05CF62D62E84C00F9AEBA /* TabBarAnimation */ = {
			isa = PBXGroup;
			children = (
				8FC05CFB2D62EB5D00F9AEBA /* Mains */,
				8FC05CFE2D62EB7600F9AEBA /* Models */,
				8FC05D062D62EE6300F9AEBA /* MyUtils */,
				8FC05CFC2D62EB6300F9AEBA /* UI */,
				8FC05CFD2D62EB6A00F9AEBA /* Resources */,
				8FC05CF22D62E84C00F9AEBA /* Preview Content */,
			);
			path = TabBarAnimation;
			sourceTree = "<group>";
		};
		8FC05CFB2D62EB5D00F9AEBA /* Mains */ = {
			isa = PBXGroup;
			children = (
				8FC05CF52D62E84C00F9AEBA /* TabBarAnimationApp.swift */,
			);
			path = Mains;
			sourceTree = "<group>";
		};
		8FC05CFC2D62EB6300F9AEBA /* UI */ = {
			isa = PBXGroup;
			children = (
				8FC05CF42D62E84C00F9AEBA /* ContentView.swift */,
				8FC05D0B2D62F08600F9AEBA /* TabBars */,
				8FC05D012D62EBA400F9AEBA /* CustomTabBar */,
			);
			path = UI;
			sourceTree = "<group>";
		};
		8FC05CFD2D62EB6A00F9AEBA /* Resources */ = {
			isa = PBXGroup;
			children = (
				8FC05CF32D62E84C00F9AEBA /* Assets.xcassets */,
			);
			path = Resources;
			sourceTree = "<group>";
		};
		8FC05CFE2D62EB7600F9AEBA /* Models */ = {
			isa = PBXGroup;
			children = (
				8FC05CFF2D62EB8500F9AEBA /* TabBarModel.swift */,
			);
			path = Models;
			sourceTree = "<group>";
		};
		8FC05D012D62EBA400F9AEBA /* CustomTabBar */ = {
			isa = PBXGroup;
			children = (
				8FC05D022D62EBEC00F9AEBA /* CustomTabBar.swift */,
				8FC05D042D62EE3500F9AEBA /* BezierCurvePath.swift */,
			);
			path = CustomTabBar;
			sourceTree = "<group>";
		};
		8FC05D062D62EE6300F9AEBA /* MyUtils */ = {
			isa = PBXGroup;
			children = (
				8FC05D092D62EE8100F9AEBA /* Types.swift */,
				8FC05D072D62EE7D00F9AEBA /* UIApplication+Ext.swift */,
			);
			path = MyUtils;
			sourceTree = "<group>";
		};
		8FC05D0B2D62F08600F9AEBA /* TabBars */ = {
			isa = PBXGroup;
			children = (
				8FC05D0C2D62F09D00F9AEBA /* HomeView.swift */,
				8FC05D0E2D62F18200F9AEBA /* FavoriteView.swift */,
				8FC05D102D62F18700F9AEBA /* CartView.swift */,
				8FC05D122D62F18E00F9AEBA /* SearchView.swift */,
				8FC05D142D62F19400F9AEBA /* SettingView.swift */,
			);
			path = TabBars;
			sourceTree = "<group>";
		};
/* End PBXGroup section */

/* Begin PBXNativeTarget section */
		8FC05CDF2D62E84500F9AEBA /* TabBarAnimation */ = {
			isa = PBXNativeTarget;
			buildConfigurationList = 8FC05CEE2D62E84700F9AEBA /* Build configuration list for PBXNativeTarget "TabBarAnimation" */;
			buildPhases = (
				8FC05CDC2D62E84500F9AEBA /* Sources */,
				8FC05CDD2D62E84500F9AEBA /* Frameworks */,
				8FC05CDE2D62E84500F9AEBA /* Resources */,
			);
			buildRules = (
			);
			dependencies = (
			);
			name = TabBarAnimation;
			packageProductDependencies = (
			);
			productName = TabBarAnimation;
			productReference = 8FC05CE02D62E84500F9AEBA /* TabBarAnimation.app */;
			productType = "com.apple.product-type.application";
		};
/* End PBXNativeTarget section */

/* Begin PBXProject section */
		8FC05CD82D62E84500F9AEBA /* Project object */ = {
			isa = PBXProject;
			attributes = {
				BuildIndependentTargetsInParallel = 1;
				LastSwiftUpdateCheck = 1620;
				LastUpgradeCheck = 1620;
				TargetAttributes = {
					8FC05CDF2D62E84500F9AEBA = {
						CreatedOnToolsVersion = 16.2;
					};
				};
			};
			buildConfigurationList = 8FC05CDB2D62E84500F9AEBA /* Build configuration list for PBXProject "TabBarAnimation" */;
			developmentRegion = en;
			hasScannedForEncodings = 0;
			knownRegions = (
				en,
				Base,
			);
			mainGroup = 8FC05CD72D62E84500F9AEBA;
			minimizedProjectReferenceProxies = 1;
			preferredProjectObjectVersion = 77;
			productRefGroup = 8FC05CE12D62E84500F9AEBA /* Products */;
			projectDirPath = "";
			projectRoot = "";
			targets = (
				8FC05CDF2D62E84500F9AEBA /* TabBarAnimation */,
			);
		};
/* End PBXProject section */

/* Begin PBXResourcesBuildPhase section */
		8FC05CDE2D62E84500F9AEBA /* Resources */ = {
			isa = PBXResourcesBuildPhase;
			buildActionMask = 2147483647;
			files = (
				8FC05CF72D62E84C00F9AEBA /* Preview Assets.xcassets in Resources */,
				8FC05CF82D62E84C00F9AEBA /* Assets.xcassets in Resources */,
			);
			runOnlyForDeploymentPostprocessing = 0;
		};
/* End PBXResourcesBuildPhase section */

/* Begin PBXSourcesBuildPhase section */
		8FC05CDC2D62E84500F9AEBA /* Sources */ = {
			isa = PBXSourcesBuildPhase;
			buildActionMask = 2147483647;
			files = (
				8FC05D112D62F18700F9AEBA /* CartView.swift in Sources */,
				8FC05D032D62EBEC00F9AEBA /* CustomTabBar.swift in Sources */,
				8FC05D052D62EE3500F9AEBA /* BezierCurvePath.swift in Sources */,
				8FC05D002D62EB8500F9AEBA /* TabBarModel.swift in Sources */,
				8FC05D0A2D62EE8100F9AEBA /* Types.swift in Sources */,
				8FC05CF92D62E84C00F9AEBA /* ContentView.swift in Sources */,
				8FC05D0D2D62F09D00F9AEBA /* HomeView.swift in Sources */,
				8FC05D082D62EE7D00F9AEBA /* UIApplication+Ext.swift in Sources */,
				8FC05D0F2D62F18200F9AEBA /* FavoriteView.swift in Sources */,
				8FC05D152D62F19400F9AEBA /* SettingView.swift in Sources */,
				8FC05CFA2D62E84C00F9AEBA /* TabBarAnimationApp.swift in Sources */,
				8FC05D132D62F18E00F9AEBA /* SearchView.swift in Sources */,
			);
			runOnlyForDeploymentPostprocessing = 0;
		};
/* End PBXSourcesBuildPhase section */

/* Begin XCBuildConfiguration section */
		8FC05CEC2D62E84700F9AEBA /* Debug */ = {
			isa = XCBuildConfiguration;
			buildSettings = {
				ALWAYS_SEARCH_USER_PATHS = NO;
				ASSETCATALOG_COMPILER_GENERATE_SWIFT_ASSET_SYMBOL_EXTENSIONS = YES;
				CLANG_ANALYZER_NONNULL = YES;
				CLANG_ANALYZER_NUMBER_OBJECT_CONVERSION = YES_AGGRESSIVE;
				CLANG_CXX_LANGUAGE_STANDARD = "gnu++20";
				CLANG_ENABLE_MODULES = YES;
				CLANG_ENABLE_OBJC_ARC = YES;
				CLANG_ENABLE_OBJC_WEAK = YES;
				CLANG_WARN_BLOCK_CAPTURE_AUTORELEASING = YES;
				CLANG_WARN_BOOL_CONVERSION = YES;
				CLANG_WARN_COMMA = YES;
				CLANG_WARN_CONSTANT_CONVERSION = YES;
				CLANG_WARN_DEPRECATED_OBJC_IMPLEMENTATIONS = YES;
				CLANG_WARN_DIRECT_OBJC_ISA_USAGE = YES_ERROR;
				CLANG_WARN_DOCUMENTATION_COMMENTS = YES;
				CLANG_WARN_EMPTY_BODY = YES;
				CLANG_WARN_ENUM_CONVERSION = YES;
				CLANG_WARN_INFINITE_RECURSION = YES;
				CLANG_WARN_INT_CONVERSION = YES;
				CLANG_WARN_NON_LITERAL_NULL_CONVERSION = YES;
				CLANG_WARN_OBJC_IMPLICIT_RETAIN_SELF = YES;
				CLANG_WARN_OBJC_LITERAL_CONVERSION = YES;
				CLANG_WARN_OBJC_ROOT_CLASS = YES_ERROR;
				CLANG_WARN_QUOTED_INCLUDE_IN_FRAMEWORK_HEADER = YES;
				CLANG_WARN_RANGE_LOOP_ANALYSIS = YES;
				CLANG_WARN_STRICT_PROTOTYPES = YES;
				CLANG_WARN_SUSPICIOUS_MOVE = YES;
				CLANG_WARN_UNGUARDED_AVAILABILITY = YES_AGGRESSIVE;
				CLANG_WARN_UNREACHABLE_CODE = YES;
				CLANG_WARN__DUPLICATE_METHOD_MATCH = YES;
				COPY_PHASE_STRIP = NO;
				DEBUG_INFORMATION_FORMAT = dwarf;
				ENABLE_STRICT_OBJC_MSGSEND = YES;
				ENABLE_TESTABILITY = YES;
				ENABLE_USER_SCRIPT_SANDBOXING = YES;
				GCC_C_LANGUAGE_STANDARD = gnu17;
				GCC_DYNAMIC_NO_PIC = NO;
				GCC_NO_COMMON_BLOCKS = YES;
				GCC_OPTIMIZATION_LEVEL = 0;
				GCC_PREPROCESSOR_DEFINITIONS = (
					"DEBUG=1",
					"$(inherited)",
				);
				GCC_WARN_64_TO_32_BIT_CONVERSION = YES;
				GCC_WARN_ABOUT_RETURN_TYPE = YES_ERROR;
				GCC_WARN_UNDECLARED_SELECTOR = YES;
				GCC_WARN_UNINITIALIZED_AUTOS = YES_AGGRESSIVE;
				GCC_WARN_UNUSED_FUNCTION = YES;
				GCC_WARN_UNUSED_VARIABLE = YES;
				IPHONEOS_DEPLOYMENT_TARGET = 18.2;
				LOCALIZATION_PREFERS_STRING_CATALOGS = YES;
				MTL_ENABLE_DEBUG_INFO = INCLUDE_SOURCE;
				MTL_FAST_MATH = YES;
				ONLY_ACTIVE_ARCH = YES;
				SDKROOT = iphoneos;
				SWIFT_ACTIVE_COMPILATION_CONDITIONS = "DEBUG $(inherited)";
				SWIFT_OPTIMIZATION_LEVEL = "-Onone";
			};
			name = Debug;
		};
		8FC05CED2D62E84700F9AEBA /* Release */ = {
			isa = XCBuildConfiguration;
			buildSettings = {
				ALWAYS_SEARCH_USER_PATHS = NO;
				ASSETCATALOG_COMPILER_GENERATE_SWIFT_ASSET_SYMBOL_EXTENSIONS = YES;
				CLANG_ANALYZER_NONNULL = YES;
				CLANG_ANALYZER_NUMBER_OBJECT_CONVERSION = YES_AGGRESSIVE;
				CLANG_CXX_LANGUAGE_STANDARD = "gnu++20";
				CLANG_ENABLE_MODULES = YES;
				CLANG_ENABLE_OBJC_ARC = YES;
				CLANG_ENABLE_OBJC_WEAK = YES;
				CLANG_WARN_BLOCK_CAPTURE_AUTORELEASING = YES;
				CLANG_WARN_BOOL_CONVERSION = YES;
				CLANG_WARN_COMMA = YES;
				CLANG_WARN_CONSTANT_CONVERSION = YES;
				CLANG_WARN_DEPRECATED_OBJC_IMPLEMENTATIONS = YES;
				CLANG_WARN_DIRECT_OBJC_ISA_USAGE = YES_ERROR;
				CLANG_WARN_DOCUMENTATION_COMMENTS = YES;
				CLANG_WARN_EMPTY_BODY = YES;
				CLANG_WARN_ENUM_CONVERSION = YES;
				CLANG_WARN_INFINITE_RECURSION = YES;
				CLANG_WARN_INT_CONVERSION = YES;
				CLANG_WARN_NON_LITERAL_NULL_CONVERSION = YES;
				CLANG_WARN_OBJC_IMPLICIT_RETAIN_SELF = YES;
				CLANG_WARN_OBJC_LITERAL_CONVERSION = YES;
				CLANG_WARN_OBJC_ROOT_CLASS = YES_ERROR;
				CLANG_WARN_QUOTED_INCLUDE_IN_FRAMEWORK_HEADER = YES;
				CLANG_WARN_RANGE_LOOP_ANALYSIS = YES;
				CLANG_WARN_STRICT_PROTOTYPES = YES;
				CLANG_WARN_SUSPICIOUS_MOVE = YES;
				CLANG_WARN_UNGUARDED_AVAILABILITY = YES_AGGRESSIVE;
				CLANG_WARN_UNREACHABLE_CODE = YES;
				CLANG_WARN__DUPLICATE_METHOD_MATCH = YES;
				COPY_PHASE_STRIP = NO;
				DEBUG_INFORMATION_FORMAT = "dwarf-with-dsym";
				ENABLE_NS_ASSERTIONS = NO;
				ENABLE_STRICT_OBJC_MSGSEND = YES;
				ENABLE_USER_SCRIPT_SANDBOXING = YES;
				GCC_C_LANGUAGE_STANDARD = gnu17;
				GCC_NO_COMMON_BLOCKS = YES;
				GCC_WARN_64_TO_32_BIT_CONVERSION = YES;
				GCC_WARN_ABOUT_RETURN_TYPE = YES_ERROR;
				GCC_WARN_UNDECLARED_SELECTOR = YES;
				GCC_WARN_UNINITIALIZED_AUTOS = YES_AGGRESSIVE;
				GCC_WARN_UNUSED_FUNCTION = YES;
				GCC_WARN_UNUSED_VARIABLE = YES;
				IPHONEOS_DEPLOYMENT_TARGET = 18.2;
				LOCALIZATION_PREFERS_STRING_CATALOGS = YES;
				MTL_ENABLE_DEBUG_INFO = NO;
				MTL_FAST_MATH = YES;
				SDKROOT = iphoneos;
				SWIFT_COMPILATION_MODE = wholemodule;
				VALIDATE_PRODUCT = YES;
			};
			name = Release;
		};
		8FC05CEF2D62E84700F9AEBA /* Debug */ = {
			isa = XCBuildConfiguration;
			buildSettings = {
				ASSETCATALOG_COMPILER_APPICON_NAME = AppIcon;
				ASSETCATALOG_COMPILER_GLOBAL_ACCENT_COLOR_NAME = AccentColor;
				CODE_SIGN_STYLE = Automatic;
				CURRENT_PROJECT_VERSION = 1;
				DEVELOPMENT_ASSET_PATHS = "\"TabBarAnimation/Preview Content\"";
				ENABLE_PREVIEWS = YES;
				GENERATE_INFOPLIST_FILE = YES;
				INFOPLIST_KEY_UIApplicationSceneManifest_Generation = YES;
				INFOPLIST_KEY_UIApplicationSupportsIndirectInputEvents = YES;
				INFOPLIST_KEY_UILaunchScreen_Generation = YES;
				INFOPLIST_KEY_UISupportedInterfaceOrientations_iPad = "UIInterfaceOrientationPortrait UIInterfaceOrientationPortraitUpsideDown UIInterfaceOrientationLandscapeLeft UIInterfaceOrientationLandscapeRight";
				INFOPLIST_KEY_UISupportedInterfaceOrientations_iPhone = "UIInterfaceOrientationPortrait UIInterfaceOrientationLandscapeLeft UIInterfaceOrientationLandscapeRight";
				LD_RUNPATH_SEARCH_PATHS = (
					"$(inherited)",
					"@executable_path/Frameworks",
				);
				MARKETING_VERSION = 1.0;
				PRODUCT_BUNDLE_IDENTIFIER = com.proj.TabBarAnimation;
				PRODUCT_NAME = "$(TARGET_NAME)";
				SWIFT_EMIT_LOC_STRINGS = YES;
				SWIFT_VERSION = 5.0;
				TARGETED_DEVICE_FAMILY = "1,2";
			};
			name = Debug;
		};
		8FC05CF02D62E84700F9AEBA /* Release */ = {
			isa = XCBuildConfiguration;
			buildSettings = {
				ASSETCATALOG_COMPILER_APPICON_NAME = AppIcon;
				ASSETCATALOG_COMPILER_GLOBAL_ACCENT_COLOR_NAME = AccentColor;
				CODE_SIGN_STYLE = Automatic;
				CURRENT_PROJECT_VERSION = 1;
				DEVELOPMENT_ASSET_PATHS = "\"TabBarAnimation/Preview Content\"";
				ENABLE_PREVIEWS = YES;
				GENERATE_INFOPLIST_FILE = YES;
				INFOPLIST_KEY_UIApplicationSceneManifest_Generation = YES;
				INFOPLIST_KEY_UIApplicationSupportsIndirectInputEvents = YES;
				INFOPLIST_KEY_UILaunchScreen_Generation = YES;
				INFOPLIST_KEY_UISupportedInterfaceOrientations_iPad = "UIInterfaceOrientationPortrait UIInterfaceOrientationPortraitUpsideDown UIInterfaceOrientationLandscapeLeft UIInterfaceOrientationLandscapeRight";
				INFOPLIST_KEY_UISupportedInterfaceOrientations_iPhone = "UIInterfaceOrientationPortrait UIInterfaceOrientationLandscapeLeft UIInterfaceOrientationLandscapeRight";
				LD_RUNPATH_SEARCH_PATHS = (
					"$(inherited)",
					"@executable_path/Frameworks",
				);
				MARKETING_VERSION = 1.0;
				PRODUCT_BUNDLE_IDENTIFIER = com.proj.TabBarAnimation;
				PRODUCT_NAME = "$(TARGET_NAME)";
				SWIFT_EMIT_LOC_STRINGS = YES;
				SWIFT_VERSION = 5.0;
				TARGETED_DEVICE_FAMILY = "1,2";
			};
			name = Release;
		};
/* End XCBuildConfiguration section */

/* Begin XCConfigurationList section */
		8FC05CDB2D62E84500F9AEBA /* Build configuration list for PBXProject "TabBarAnimation" */ = {
			isa = XCConfigurationList;
			buildConfigurations = (
				8FC05CEC2D62E84700F9AEBA /* Debug */,
				8FC05CED2D62E84700F9AEBA /* Release */,
			);
			defaultConfigurationIsVisible = 0;
			defaultConfigurationName = Release;
		};
		8FC05CEE2D62E84700F9AEBA /* Build configuration list for PBXNativeTarget "TabBarAnimation" */ = {
			isa = XCConfigurationList;
			buildConfigurations = (
				8FC05CEF2D62E84700F9AEBA /* Debug */,
				8FC05CF02D62E84700F9AEBA /* Release */,
			);
			defaultConfigurationIsVisible = 0;
			defaultConfigurationName = Release;
		};
/* End XCConfigurationList section */
	};
	rootObject = 8FC05CD82D62E84500F9AEBA /* Project object */;
}
